
Microsoft Visual Studio Solution File, Format Version 12.00
# Visual Studio Version 17
VisualStudioVersion = 17.5.33502.453
MinimumVisualStudioVersion = 10.0.40219.1
Project("{FAE04EC0-301F-11D3-BF4B-00C04F79EFBC}") = "XadrezConsole", "XadrezConsole\XadrezConsole.csproj", "{9EA3525F-22A5-4802-B5C0-32BD19096890}"
EndProject
Global
	GlobalSection(SolutionConfigurationPlatforms) = preSolution
		Debug|Any CPU = Debug|Any CPU
		Release|Any CPU = Release|Any CPU
	EndGlobalSection
	GlobalSection(ProjectConfigurationPlatforms) = postSolution
		{9EA3525F-22A5-4802-B5C0-32BD19096890}.Debug|Any CPU.ActiveCfg = Debug|Any CPU
		{9EA3525F-22A5-4802-B5C0-32BD19096890}.Debug|Any CPU.Build.0 = Debug|Any CPU
		{9EA3525F-22A5-4802-B5C0-32BD19096890}.Release|Any CPU.ActiveCfg = Release|Any CPU
		{9EA3525F-22A5-4802-B5C0-32BD19096890}.Release|Any CPU.Build.0 = Release|Any CPU
	EndGlobalSection
	GlobalSection(SolutionProperties) = preSolution
		HideSolutionNode = FALSE
	EndGlobalSection
	GlobalSection(ExtensibilityGlobals) = postSolution
		SolutionGuid = {FB130120-0251-419D-A928-FDDD7FE86FD5}
	EndGlobalSection
EndGlobal
